
Microsoft Visual Studio Solution File, Format Version 12.00
# Visual Studio Version 17
VisualStudioVersion = 17.4.33403.182
MinimumVisualStudioVersion = 10.0.40219.1
Project("{2150E333-8FDC-42A3-9474-1A3956D46DE8}") = "src", "src", "{E0CDCF6A-1738-46CC-A28A-0DFBC02B40DE}"
EndProject
Project("{2150E333-8FDC-42A3-9474-1A3956D46DE8}") = "test", "test", "{9FF90A72-EC14-4C15-921F-DB7AE3D1D34C}"
EndProject
Project("{2150E333-8FDC-42A3-9474-1A3956D46DE8}") = "samples", "samples", "{5D3D85C6-7B3B-4D7E-925F-33B19AE15D76}"
EndProject
Project("{9A19103F-16F7-4668-BE54-9A1E7A4F7556}") = "My.Extensions.Localization.Json.Tests", "test\My.Extensions.Localization.Json.Tests\My.Extensions.Localization.Json.Tests.csproj", "{15E86906-2A6F-4F35-8D06-404CD33C82D5}"
EndProject
Project("{9A19103F-16F7-4668-BE54-9A1E7A4F7556}") = "My.Extensions.Localization.Json", "src\My.Extensions.Localization.Json\My.Extensions.Localization.Json.csproj", "{73B1195D-006C-40EE-A36F-2EDCFB2FFCDE}"
EndProject
Project("{9A19103F-16F7-4668-BE54-9A1E7A4F7556}") = "LocalizationSample", "samples\LocalizationSample\LocalizationSample.csproj", "{4732D5B3-AEB5-4AF4-8679-7EBB4B2FBF95}"
EndProject
Project("{9A19103F-16F7-4668-BE54-9A1E7A4F7556}") = "LocalizationSample.Resources", "samples\LocalizationSample.Resources\LocalizationSample.Resources.csproj", "{9789DDC4-6CC1-4A77-9883-D745BCAB524F}"
EndProject
Project("{9A19103F-16F7-4668-BE54-9A1E7A4F7556}") = "LocalizationSample.Mvc", "samples\LocalizationSample.Mvc\LocalizationSample.Mvc.csproj", "{92B0128E-57BA-4D6B-A2D9-26B54686F7D9}"
EndProject
Project("{9A19103F-16F7-4668-BE54-9A1E7A4F7556}") = "My.Extensions.Localization.Json.FunctionalTests", "test\My.Extensions.Localization.Json.FunctionalTests\My.Extensions.Localization.Json.FunctionalTests.csproj", "{DC858972-8F2F-4E79-A455-154D58EC47AE}"
EndProject
Project("{9A19103F-16F7-4668-BE54-9A1E7A4F7556}") = "LocalizationSample.Blazor.Server", "samples\LocalizationSample.Blazor.Server\LocalizationSample.Blazor.Server.csproj", "{ABAE045F-7B99-4C72-83F7-8F37209B5D8C}"
EndProject
Project("{9A19103F-16F7-4668-BE54-9A1E7A4F7556}") = "LocalizationSample.Blazor.Client", "samples\LocalizationSample.Blazor.Client\LocalizationSample.Blazor.Client.csproj", "{BCDCE0D6-4A71-49CF-8F81-1233FB14DEA3}"
EndProject
Project("{9A19103F-16F7-4668-BE54-9A1E7A4F7556}") = "My.Extensions.Localization.Json.Benchmarks", "test\My.Extensions.Localization.Json.Benchmarks\My.Extensions.Localization.Json.Benchmarks.csproj", "{37DA3363-09EC-4686-89A9-2D12B2472C52}"
EndProject
Project("{FAE04EC0-301F-11D3-BF4B-00C04F79EFBC}") = "ResourcesClassLibraryNoAttribute", "test\ResourcesClassLibraryNoAttribute\ResourcesClassLibraryNoAttribute.csproj", "{4E150972-E056-4C80-A934-1136B20A3065}"
EndProject
Project("{FAE04EC0-301F-11D3-BF4B-00C04F79EFBC}") = "ResourcesClassLibraryWithAttribute", "test\ResourcesClassLibraryWithAttribute\ResourcesClassLibraryWithAttribute.csproj", "{AB0714F5-7BBC-4DAC-B622-2F5745A8C91C}"
EndProject
Global
	GlobalSection(SolutionConfigurationPlatforms) = preSolution
		Debug|Any CPU = Debug|Any CPU
		Debug|x64 = Debug|x64
		Debug|x86 = Debug|x86
		Release|Any CPU = Release|Any CPU
		Release|x64 = Release|x64
		Release|x86 = Release|x86
	EndGlobalSection
	GlobalSection(ProjectConfigurationPlatforms) = postSolution
		{15E86906-2A6F-4F35-8D06-404CD33C82D5}.Debug|Any CPU.ActiveCfg = Debug|Any CPU
		{15E86906-2A6F-4F35-8D06-404CD33C82D5}.Debug|Any CPU.Build.0 = Debug|Any CPU
		{15E86906-2A6F-4F35-8D06-404CD33C82D5}.Debug|x64.ActiveCfg = Debug|Any CPU
		{15E86906-2A6F-4F35-8D06-404CD33C82D5}.Debug|x64.Build.0 = Debug|Any CPU
		{15E86906-2A6F-4F35-8D06-404CD33C82D5}.Debug|x86.ActiveCfg = Debug|Any CPU
		{15E86906-2A6F-4F35-8D06-404CD33C82D5}.Debug|x86.Build.0 = Debug|Any CPU
		{15E86906-2A6F-4F35-8D06-404CD33C82D5}.Release|Any CPU.ActiveCfg = Release|Any CPU
		{15E86906-2A6F-4F35-8D06-404CD33C82D5}.Release|Any CPU.Build.0 = Release|Any CPU
		{15E86906-2A6F-4F35-8D06-404CD33C82D5}.Release|x64.ActiveCfg = Release|Any CPU
		{15E86906-2A6F-4F35-8D06-404CD33C82D5}.Release|x64.Build.0 = Release|Any CPU
		{15E86906-2A6F-4F35-8D06-404CD33C82D5}.Release|x86.ActiveCfg = Release|Any CPU
		{15E86906-2A6F-4F35-8D06-404CD33C82D5}.Release|x86.Build.0 = Release|Any CPU
		{73B1195D-006C-40EE-A36F-2EDCFB2FFCDE}.Debug|Any CPU.ActiveCfg = Debug|Any CPU
		{73B1195D-006C-40EE-A36F-2EDCFB2FFCDE}.Debug|Any CPU.Build.0 = Debug|Any CPU
		{73B1195D-006C-40EE-A36F-2EDCFB2FFCDE}.Debug|x64.ActiveCfg = Debug|Any CPU
		{73B1195D-006C-40EE-A36F-2EDCFB2FFCDE}.Debug|x64.Build.0 = Debug|Any CPU
		{73B1195D-006C-40EE-A36F-2EDCFB2FFCDE}.Debug|x86.ActiveCfg = Debug|Any CPU
		{73B1195D-006C-40EE-A36F-2EDCFB2FFCDE}.Debug|x86.Build.0 = Debug|Any CPU
		{73B1195D-006C-40EE-A36F-2EDCFB2FFCDE}.Release|Any CPU.ActiveCfg = Release|Any CPU
		{73B1195D-006C-40EE-A36F-2EDCFB2FFCDE}.Release|Any CPU.Build.0 = Release|Any CPU
		{73B1195D-006C-40EE-A36F-2EDCFB2FFCDE}.Release|x64.ActiveCfg = Release|Any CPU
		{73B1195D-006C-40EE-A36F-2EDCFB2FFCDE}.Release|x64.Build.0 = Release|Any CPU
		{73B1195D-006C-40EE-A36F-2EDCFB2FFCDE}.Release|x86.ActiveCfg = Release|Any CPU
		{73B1195D-006C-40EE-A36F-2EDCFB2FFCDE}.Release|x86.Build.0 = Release|Any CPU
		{4732D5B3-AEB5-4AF4-8679-7EBB4B2FBF95}.Debug|Any CPU.ActiveCfg = Debug|Any CPU
		{4732D5B3-AEB5-4AF4-8679-7EBB4B2FBF95}.Debug|Any CPU.Build.0 = Debug|Any CPU
		{4732D5B3-AEB5-4AF4-8679-7EBB4B2FBF95}.Debug|x64.ActiveCfg = Debug|Any CPU
		{4732D5B3-AEB5-4AF4-8679-7EBB4B2FBF95}.Debug|x64.Build.0 = Debug|Any CPU
		{4732D5B3-AEB5-4AF4-8679-7EBB4B2FBF95}.Debug|x86.ActiveCfg = Debug|Any CPU
		{4732D5B3-AEB5-4AF4-8679-7EBB4B2FBF95}.Debug|x86.Build.0 = Debug|Any CPU
		{4732D5B3-AEB5-4AF4-8679-7EBB4B2FBF95}.Release|Any CPU.ActiveCfg = Release|Any CPU
		{4732D5B3-AEB5-4AF4-8679-7EBB4B2FBF95}.Release|Any CPU.Build.0 = Release|Any CPU
		{4732D5B3-AEB5-4AF4-8679-7EBB4B2FBF95}.Release|x64.ActiveCfg = Release|Any CPU
		{4732D5B3-AEB5-4AF4-8679-7EBB4B2FBF95}.Release|x64.Build.0 = Release|Any CPU
		{4732D5B3-AEB5-4AF4-8679-7EBB4B2FBF95}.Release|x86.ActiveCfg = Release|Any CPU
		{4732D5B3-AEB5-4AF4-8679-7EBB4B2FBF95}.Release|x86.Build.0 = Release|Any CPU
		{9789DDC4-6CC1-4A77-9883-D745BCAB524F}.Debug|Any CPU.ActiveCfg = Debug|Any CPU
		{9789DDC4-6CC1-4A77-9883-D745BCAB524F}.Debug|Any CPU.Build.0 = Debug|Any CPU
		{9789DDC4-6CC1-4A77-9883-D745BCAB524F}.Debug|x64.ActiveCfg = Debug|Any CPU
		{9789DDC4-6CC1-4A77-9883-D745BCAB524F}.Debug|x64.Build.0 = Debug|Any CPU
		{9789DDC4-6CC1-4A77-9883-D745BCAB524F}.Debug|x86.ActiveCfg = Debug|Any CPU
		{9789DDC4-6CC1-4A77-9883-D745BCAB524F}.Debug|x86.Build.0 = Debug|Any CPU
		{9789DDC4-6CC1-4A77-9883-D745BCAB524F}.Release|Any CPU.ActiveCfg = Release|Any CPU
		{9789DDC4-6CC1-4A77-9883-D745BCAB524F}.Release|Any CPU.Build.0 = Release|Any CPU
		{9789DDC4-6CC1-4A77-9883-D745BCAB524F}.Release|x64.ActiveCfg = Release|Any CPU
		{9789DDC4-6CC1-4A77-9883-D745BCAB524F}.Release|x64.Build.0 = Release|Any CPU
		{9789DDC4-6CC1-4A77-9883-D745BCAB524F}.Release|x86.ActiveCfg = Release|Any CPU
		{9789DDC4-6CC1-4A77-9883-D745BCAB524F}.Release|x86.Build.0 = Release|Any CPU
		{92B0128E-57BA-4D6B-A2D9-26B54686F7D9}.Debug|Any CPU.ActiveCfg = Debug|Any CPU
		{92B0128E-57BA-4D6B-A2D9-26B54686F7D9}.Debug|Any CPU.Build.0 = Debug|Any CPU
		{92B0128E-57BA-4D6B-A2D9-26B54686F7D9}.Debug|x64.ActiveCfg = Debug|Any CPU
		{92B0128E-57BA-4D6B-A2D9-26B54686F7D9}.Debug|x64.Build.0 = Debug|Any CPU
		{92B0128E-57BA-4D6B-A2D9-26B54686F7D9}.Debug|x86.ActiveCfg = Debug|Any CPU
		{92B0128E-57BA-4D6B-A2D9-26B54686F7D9}.Debug|x86.Build.0 = Debug|Any CPU
		{92B0128E-57BA-4D6B-A2D9-26B54686F7D9}.Release|Any CPU.ActiveCfg = Release|Any CPU
		{92B0128E-57BA-4D6B-A2D9-26B54686F7D9}.Release|Any CPU.Build.0 = Release|Any CPU
		{92B0128E-57BA-4D6B-A2D9-26B54686F7D9}.Release|x64.ActiveCfg = Release|Any CPU
		{92B0128E-57BA-4D6B-A2D9-26B54686F7D9}.Release|x64.Build.0 = Release|Any CPU
		{92B0128E-57BA-4D6B-A2D9-26B54686F7D9}.Release|x86.ActiveCfg = Release|Any CPU
		{92B0128E-57BA-4D6B-A2D9-26B54686F7D9}.Release|x86.Build.0 = Release|Any CPU
		{DC858972-8F2F-4E79-A455-154D58EC47AE}.Debug|Any CPU.ActiveCfg = Debug|Any CPU
		{DC858972-8F2F-4E79-A455-154D58EC47AE}.Debug|Any CPU.Build.0 = Debug|Any CPU
		{DC858972-8F2F-4E79-A455-154D58EC47AE}.Debug|x64.ActiveCfg = Debug|Any CPU
		{DC858972-8F2F-4E79-A455-154D58EC47AE}.Debug|x64.Build.0 = Debug|Any CPU
		{DC858972-8F2F-4E79-A455-154D58EC47AE}.Debug|x86.ActiveCfg = Debug|Any CPU
		{DC858972-8F2F-4E79-A455-154D58EC47AE}.Debug|x86.Build.0 = Debug|Any CPU
		{DC858972-8F2F-4E79-A455-154D58EC47AE}.Release|Any CPU.ActiveCfg = Release|Any CPU
		{DC858972-8F2F-4E79-A455-154D58EC47AE}.Release|Any CPU.Build.0 = Release|Any CPU
		{DC858972-8F2F-4E79-A455-154D58EC47AE}.Release|x64.ActiveCfg = Release|Any CPU
		{DC858972-8F2F-4E79-A455-154D58EC47AE}.Release|x64.Build.0 = Release|Any CPU
		{DC858972-8F2F-4E79-A455-154D58EC47AE}.Release|x86.ActiveCfg = Release|Any CPU
		{DC858972-8F2F-4E79-A455-154D58EC47AE}.Release|x86.Build.0 = Release|Any CPU
		{ABAE045F-7B99-4C72-83F7-8F37209B5D8C}.Debug|Any CPU.ActiveCfg = Debug|Any CPU
		{ABAE045F-7B99-4C72-83F7-8F37209B5D8C}.Debug|Any CPU.Build.0 = Debug|Any CPU
		{ABAE045F-7B99-4C72-83F7-8F37209B5D8C}.Debug|x64.ActiveCfg = Debug|Any CPU
		{ABAE045F-7B99-4C72-83F7-8F37209B5D8C}.Debug|x64.Build.0 = Debug|Any CPU
		{ABAE045F-7B99-4C72-83F7-8F37209B5D8C}.Debug|x86.ActiveCfg = Debug|Any CPU
		{ABAE045F-7B99-4C72-83F7-8F37209B5D8C}.Debug|x86.Build.0 = Debug|Any CPU
		{ABAE045F-7B99-4C72-83F7-8F37209B5D8C}.Release|Any CPU.ActiveCfg = Release|Any CPU
		{ABAE045F-7B99-4C72-83F7-8F37209B5D8C}.Release|Any CPU.Build.0 = Release|Any CPU
		{ABAE045F-7B99-4C72-83F7-8F37209B5D8C}.Release|x64.ActiveCfg = Release|Any CPU
		{ABAE045F-7B99-4C72-83F7-8F37209B5D8C}.Release|x64.Build.0 = Release|Any CPU
		{ABAE045F-7B99-4C72-83F7-8F37209B5D8C}.Release|x86.ActiveCfg = Release|Any CPU
		{ABAE045F-7B99-4C72-83F7-8F37209B5D8C}.Release|x86.Build.0 = Release|Any CPU
		{BCDCE0D6-4A71-49CF-8F81-1233FB14DEA3}.Debug|Any CPU.ActiveCfg = Debug|Any CPU
		{BCDCE0D6-4A71-49CF-8F81-1233FB14DEA3}.Debug|Any CPU.Build.0 = Debug|Any CPU
		{BCDCE0D6-4A71-49CF-8F81-1233FB14DEA3}.Debug|x64.ActiveCfg = Debug|Any CPU
		{BCDCE0D6-4A71-49CF-8F81-1233FB14DEA3}.Debug|x64.Build.0 = Debug|Any CPU
		{BCDCE0D6-4A71-49CF-8F81-1233FB14DEA3}.Debug|x86.ActiveCfg = Debug|Any CPU
		{BCDCE0D6-4A71-49CF-8F81-1233FB14DEA3}.Debug|x86.Build.0 = Debug|Any CPU
		{BCDCE0D6-4A71-49CF-8F81-1233FB14DEA3}.Release|Any CPU.ActiveCfg = Release|Any CPU
		{BCDCE0D6-4A71-49CF-8F81-1233FB14DEA3}.Release|Any CPU.Build.0 = Release|Any CPU
		{BCDCE0D6-4A71-49CF-8F81-1233FB14DEA3}.Release|x64.ActiveCfg = Release|Any CPU
		{BCDCE0D6-4A71-49CF-8F81-1233FB14DEA3}.Release|x64.Build.0 = Release|Any CPU
		{BCDCE0D6-4A71-49CF-8F81-1233FB14DEA3}.Release|x86.ActiveCfg = Release|Any CPU
		{BCDCE0D6-4A71-49CF-8F81-1233FB14DEA3}.Release|x86.Build.0 = Release|Any CPU
		{37DA3363-09EC-4686-89A9-2D12B2472C52}.Debug|Any CPU.ActiveCfg = Debug|Any CPU
		{37DA3363-09EC-4686-89A9-2D12B2472C52}.Debug|Any CPU.Build.0 = Debug|Any CPU
		{37DA3363-09EC-4686-89A9-2D12B2472C52}.Debug|x64.ActiveCfg = Debug|Any CPU
		{37DA3363-09EC-4686-89A9-2D12B2472C52}.Debug|x64.Build.0 = Debug|Any CPU
		{37DA3363-09EC-4686-89A9-2D12B2472C52}.Debug|x86.ActiveCfg = Debug|Any CPU
		{37DA3363-09EC-4686-89A9-2D12B2472C52}.Debug|x86.Build.0 = Debug|Any CPU
		{37DA3363-09EC-4686-89A9-2D12B2472C52}.Release|Any CPU.ActiveCfg = Release|Any CPU
		{37DA3363-09EC-4686-89A9-2D12B2472C52}.Release|Any CPU.Build.0 = Release|Any CPU
		{37DA3363-09EC-4686-89A9-2D12B2472C52}.Release|x64.ActiveCfg = Release|Any CPU
		{37DA3363-09EC-4686-89A9-2D12B2472C52}.Release|x64.Build.0 = Release|Any CPU
		{37DA3363-09EC-4686-89A9-2D12B2472C52}.Release|x86.ActiveCfg = Release|Any CPU
		{37DA3363-09EC-4686-89A9-2D12B2472C52}.Release|x86.Build.0 = Release|Any CPU
		{4E150972-E056-4C80-A934-1136B20A3065}.Debug|Any CPU.ActiveCfg = Debug|Any CPU
		{4E150972-E056-4C80-A934-1136B20A3065}.Debug|Any CPU.Build.0 = Debug|Any CPU
		{4E150972-E056-4C80-A934-1136B20A3065}.Debug|x64.ActiveCfg = Debug|Any CPU
		{4E150972-E056-4C80-A934-1136B20A3065}.Debug|x64.Build.0 = Debug|Any CPU
		{4E150972-E056-4C80-A934-1136B20A3065}.Debug|x86.ActiveCfg = Debug|Any CPU
		{4E150972-E056-4C80-A934-1136B20A3065}.Debug|x86.Build.0 = Debug|Any CPU
		{4E150972-E056-4C80-A934-1136B20A3065}.Release|Any CPU.ActiveCfg = Release|Any CPU
		{4E150972-E056-4C80-A934-1136B20A3065}.Release|Any CPU.Build.0 = Release|Any CPU
		{4E150972-E056-4C80-A934-1136B20A3065}.Release|x64.ActiveCfg = Release|Any CPU
		{4E150972-E056-4C80-A934-1136B20A3065}.Release|x64.Build.0 = Release|Any CPU
		{4E150972-E056-4C80-A934-1136B20A3065}.Release|x86.ActiveCfg = Release|Any CPU
		{4E150972-E056-4C80-A934-1136B20A3065}.Release|x86.Build.0 = Release|Any CPU
		{AB0714F5-7BBC-4DAC-B622-2F5745A8C91C}.Debug|Any CPU.ActiveCfg = Debug|Any CPU
		{AB0714F5-7BBC-4DAC-B622-2F5745A8C91C}.Debug|Any CPU.Build.0 = Debug|Any CPU
		{AB0714F5-7BBC-4DAC-B622-2F5745A8C91C}.Debug|x64.ActiveCfg = Debug|Any CPU
		{AB0714F5-7BBC-4DAC-B622-2F5745A8C91C}.Debug|x64.Build.0 = Debug|Any CPU
		{AB0714F5-7BBC-4DAC-B622-2F5745A8C91C}.Debug|x86.ActiveCfg = Debug|Any CPU
		{AB0714F5-7BBC-4DAC-B622-2F5745A8C91C}.Debug|x86.Build.0 = Debug|Any CPU
		{AB0714F5-7BBC-4DAC-B622-2F5745A8C91C}.Release|Any CPU.ActiveCfg = Release|Any CPU
		{AB0714F5-7BBC-4DAC-B622-2F5745A8C91C}.Release|Any CPU.Build.0 = Release|Any CPU
		{AB0714F5-7BBC-4DAC-B622-2F5745A8C91C}.Release|x64.ActiveCfg = Release|Any CPU
		{AB0714F5-7BBC-4DAC-B622-2F5745A8C91C}.Release|x64.Build.0 = Release|Any CPU
		{AB0714F5-7BBC-4DAC-B622-2F5745A8C91C}.Release|x86.ActiveCfg = Release|Any CPU
		{AB0714F5-7BBC-4DAC-B622-2F5745A8C91C}.Release|x86.Build.0 = Release|Any CPU
	EndGlobalSection
	GlobalSection(SolutionProperties) = preSolution
		HideSolutionNode = FALSE
	EndGlobalSection
	GlobalSection(NestedProjects) = preSolution
		{15E86906-2A6F-4F35-8D06-404CD33C82D5} = {9FF90A72-EC14-4C15-921F-DB7AE3D1D34C}
		{73B1195D-006C-40EE-A36F-2EDCFB2FFCDE} = {E0CDCF6A-1738-46CC-A28A-0DFBC02B40DE}
		{4732D5B3-AEB5-4AF4-8679-7EBB4B2FBF95} = {5D3D85C6-7B3B-4D7E-925F-33B19AE15D76}
		{9789DDC4-6CC1-4A77-9883-D745BCAB524F} = {5D3D85C6-7B3B-4D7E-925F-33B19AE15D76}
		{92B0128E-57BA-4D6B-A2D9-26B54686F7D9} = {5D3D85C6-7B3B-4D7E-925F-33B19AE15D76}
		{DC858972-8F2F-4E79-A455-154D58EC47AE} = {9FF90A72-EC14-4C15-921F-DB7AE3D1D34C}
		{ABAE045F-7B99-4C72-83F7-8F37209B5D8C} = {5D3D85C6-7B3B-4D7E-925F-33B19AE15D76}
		{BCDCE0D6-4A71-49CF-8F81-1233FB14DEA3} = {5D3D85C6-7B3B-4D7E-925F-33B19AE15D76}
		{37DA3363-09EC-4686-89A9-2D12B2472C52} = {9FF90A72-EC14-4C15-921F-DB7AE3D1D34C}
		{4E150972-E056-4C80-A934-1136B20A3065} = {9FF90A72-EC14-4C15-921F-DB7AE3D1D34C}
		{AB0714F5-7BBC-4DAC-B622-2F5745A8C91C} = {9FF90A72-EC14-4C15-921F-DB7AE3D1D34C}
	EndGlobalSection
	GlobalSection(ExtensibilityGlobals) = postSolution
		SolutionGuid = {D173946A-BDF7-44A8-9740-2156FA7EC074}
	EndGlobalSection
EndGlobal
