
Microsoft Visual Studio Solution File, Format Version 12.00
# Visual Studio 15
VisualStudioVersion = 15.0.26606.0
MinimumVisualStudioVersion = 10.0.40219.1
Project("{2150E333-8FDC-42A3-9474-1A3956D46DE8}") = "src", "src", "{E0CDCF6A-1738-46CC-A28A-0DFBC02B40DE}"
EndProject
Project("{2150E333-8FDC-42A3-9474-1A3956D46DE8}") = "test", "test", "{9FF90A72-EC14-4C15-921F-DB7AE3D1D34C}"
EndProject
Project("{2150E333-8FDC-42A3-9474-1A3956D46DE8}") = "samples", "samples", "{5D3D85C6-7B3B-4D7E-925F-33B19AE15D76}"
EndProject
Project("{9A19103F-16F7-4668-BE54-9A1E7A4F7556}") = "My.Extensions.Localization.Json.Tests", "test\My.Extensions.Localization.Json.Tests\My.Extensions.Localization.Json.Tests.csproj", "{15E86906-2A6F-4F35-8D06-404CD33C82D5}"
EndProject
Project("{9A19103F-16F7-4668-BE54-9A1E7A4F7556}") = "My.Extensions.Localization.Json", "src\My.Extensions.Localization.Json\My.Extensions.Localization.Json.csproj", "{73B1195D-006C-40EE-A36F-2EDCFB2FFCDE}"
EndProject
Project("{9A19103F-16F7-4668-BE54-9A1E7A4F7556}") = "LocalizationSample", "samples\LocalizationSample\LocalizationSample.csproj", "{4732D5B3-AEB5-4AF4-8679-7EBB4B2FBF95}"
EndProject
Global
	GlobalSection(SolutionConfigurationPlatforms) = preSolution
		Debug|Any CPU = Debug|Any CPU
		Release|Any CPU = Release|Any CPU
	EndGlobalSection
	GlobalSection(ProjectConfigurationPlatforms) = postSolution
		{15E86906-2A6F-4F35-8D06-404CD33C82D5}.Debug|Any CPU.ActiveCfg = Debug|Any CPU
		{15E86906-2A6F-4F35-8D06-404CD33C82D5}.Debug|Any CPU.Build.0 = Debug|Any CPU
		{15E86906-2A6F-4F35-8D06-404CD33C82D5}.Release|Any CPU.ActiveCfg = Release|Any CPU
		{15E86906-2A6F-4F35-8D06-404CD33C82D5}.Release|Any CPU.Build.0 = Release|Any CPU
		{73B1195D-006C-40EE-A36F-2EDCFB2FFCDE}.Debug|Any CPU.ActiveCfg = Debug|Any CPU
		{73B1195D-006C-40EE-A36F-2EDCFB2FFCDE}.Debug|Any CPU.Build.0 = Debug|Any CPU
		{73B1195D-006C-40EE-A36F-2EDCFB2FFCDE}.Release|Any CPU.ActiveCfg = Release|Any CPU
		{73B1195D-006C-40EE-A36F-2EDCFB2FFCDE}.Release|Any CPU.Build.0 = Release|Any CPU
		{4732D5B3-AEB5-4AF4-8679-7EBB4B2FBF95}.Debug|Any CPU.ActiveCfg = Debug|Any CPU
		{4732D5B3-AEB5-4AF4-8679-7EBB4B2FBF95}.Debug|Any CPU.Build.0 = Debug|Any CPU
		{4732D5B3-AEB5-4AF4-8679-7EBB4B2FBF95}.Release|Any CPU.ActiveCfg = Release|Any CPU
		{4732D5B3-AEB5-4AF4-8679-7EBB4B2FBF95}.Release|Any CPU.Build.0 = Release|Any CPU
	EndGlobalSection
	GlobalSection(SolutionProperties) = preSolution
		HideSolutionNode = FALSE
	EndGlobalSection
	GlobalSection(NestedProjects) = preSolution
		{15E86906-2A6F-4F35-8D06-404CD33C82D5} = {9FF90A72-EC14-4C15-921F-DB7AE3D1D34C}
		{73B1195D-006C-40EE-A36F-2EDCFB2FFCDE} = {E0CDCF6A-1738-46CC-A28A-0DFBC02B40DE}
		{4732D5B3-AEB5-4AF4-8679-7EBB4B2FBF95} = {5D3D85C6-7B3B-4D7E-925F-33B19AE15D76}
	EndGlobalSection
EndGlobal
